{
  "name": "00-data-converter",
  "version": "1.0.0",
  "lockfileVersion": 3,
  "requires": true,
  "packages": {
    "": {
      "name": "00-data-converter",
      "version": "1.0.0",
      "license": "ISC",
      "dependencies": {
        "csv": "^6.3.6",
        "dotenv": "^16.3.1"
      }
    },
    "node_modules/csv": {
      "version": "6.3.6",
      "resolved": "https://registry.npmjs.org/csv/-/csv-6.3.6.tgz",
      "integrity": "sha512-jsEsX2HhGp7xiwrJu5srQavKsh+HUJcCi78Ar3m4jlmFKRoTkkMy7ZZPP+LnQChmaztW+uj44oyfMb59daAs/Q==",
      "dependencies": {
        "csv-generate": "^4.3.1",
        "csv-parse": "^5.5.3",
        "csv-stringify": "^6.4.5",
        "stream-transform": "^3.3.0"
      },
      "engines": {
        "node": ">= 0.1.90"
      }
    },
    "node_modules/csv-generate": {
      "version": "4.3.1",
      "resolved": "https://registry.npmjs.org/csv-generate/-/csv-generate-4.3.1.tgz",
      "integrity": "sha512-7YeeJq+44/I/O5N2sr2qBMcHZXhpfe38eh7DOFxyMtYO+Pir7kIfgFkW5MPksqKqqR6+/wX7UGoZm1Ot11151w=="
    },
    "node_modules/csv-parse": {
      "version": "5.5.3",
      "resolved": "https://registry.npmjs.org/csv-parse/-/csv-parse-5.5.3.tgz",
      "integrity": "sha512-v0KW6C0qlZzoGjk6u5tLmVfyZxNgPGXZsWTXshpAgKVGmGXzaVWGdlCFxNx5iuzcXT/oJN1HHM9DZKwtAtYa+A=="
    },
    "node_modules/csv-stringify": {
      "version": "6.4.5",
      "resolved": "https://registry.npmjs.org/csv-stringify/-/csv-stringify-6.4.5.tgz",
      "integrity": "sha512-SPu1Vnh8U5EnzpNOi1NDBL5jU5Rx7DVHr15DNg9LXDTAbQlAVAmEbVt16wZvEW9Fu9Qt4Ji8kmeCJ2B1+4rFTQ=="
    },
    "node_modules/dotenv": {
      "version": "16.3.1",
      "resolved": "https://registry.npmjs.org/dotenv/-/dotenv-16.3.1.tgz",
      "integrity": "sha512-IPzF4w4/Rd94bA9imS68tZBaYyBWSCE47V1RGuMrB94iyTOIEwRmVL2x/4An+6mETpLrKJ5hQkB8W4kFAadeIQ==",
      "engines": {
        "node": ">=12"
      },
      "funding": {
        "url": "https://github.com/motdotla/dotenv?sponsor=1"
      }
    },
    "node_modules/stream-transform": {
      "version": "3.3.0",
      "resolved": "https://registry.npmjs.org/stream-transform/-/stream-transform-3.3.0.tgz",
      "integrity": "sha512-pG1NeDdmErNYKtvTpFayrEueAmL0xVU5wd22V7InGnatl4Ocq3HY7dcXIKj629kXvYQvglCC7CeDIGAlx1RNGA=="
    }
  }
}
